{
  "object": {
    "pins": [
      {
        "package": "Log",
        "repositoryURL": "https://github.com/bretsko/Log",
        "state": {
          "branch": null,
          "revision": "fb9ee78717e3ce41cf9ec9a16cab24a144dd6056",
          "version": "1.0.0"
        }
      }
    ]
  },
  "version": 1
}
